// !$*UTF8*$!
{
	archiveVersion = 1;
	classes = {
	};
	objectVersion = 46;
	objects = {

/* Begin PBXBuildFile section */
		398EE2C11AC2144D00FBA4A4 /* AppDelegate.swift in Sources */ = {isa = PBXBuildFile; fileRef = 398EE2C01AC2144D00FBA4A4 /* AppDelegate.swift */; };
		398EE2C31AC2144D00FBA4A4 /* ViewController.swift in Sources */ = {isa = PBXBuildFile; fileRef = 398EE2C21AC2144D00FBA4A4 /* ViewController.swift */; };
		398EE2C61AC2144D00FBA4A4 /* Main.storyboard in Resources */ = {isa = PBXBuildFile; fileRef = 398EE2C41AC2144D00FBA4A4 /* Main.storyboard */; };
		398EE2C81AC2144D00FBA4A4 /* Images.xcassets in Resources */ = {isa = PBXBuildFile; fileRef = 398EE2C71AC2144D00FBA4A4 /* Images.xcassets */; };
		398EE2CB1AC2144D00FBA4A4 /* LaunchScreen.xib in Resources */ = {isa = PBXBuildFile; fileRef = 398EE2C91AC2144D00FBA4A4 /* LaunchScreen.xib */; };
		398EE2D71AC2144D00FBA4A4 /* CoogrTests.swift in Sources */ = {isa = PBXBuildFile; fileRef = 398EE2D61AC2144D00FBA4A4 /* CoogrTests.swift */; };
		398EE2E11AC216DE00FBA4A4 /* FacebookSDK.framework in Frameworks */ = {isa = PBXBuildFile; fileRef = 398EE2E01AC216DE00FBA4A4 /* FacebookSDK.framework */; };
		398EE2E81AC219BA00FBA4A4 /* Bolts.framework in Frameworks */ = {isa = PBXBuildFile; fileRef = 398EE2E51AC219BA00FBA4A4 /* Bolts.framework */; };
		398EE2E91AC219BA00FBA4A4 /* Parse.framework in Frameworks */ = {isa = PBXBuildFile; fileRef = 398EE2E61AC219BA00FBA4A4 /* Parse.framework */; };
		398EE2EA1AC219BA00FBA4A4 /* ParseFacebookUtils.framework in Frameworks */ = {isa = PBXBuildFile; fileRef = 398EE2E71AC219BA00FBA4A4 /* ParseFacebookUtils.framework */; };
		398EE2EC1AC219F300FBA4A4 /* AudioToolbox.framework in Frameworks */ = {isa = PBXBuildFile; fileRef = 398EE2EB1AC219F300FBA4A4 /* AudioToolbox.framework */; };
		398EE2EE1AC21A0200FBA4A4 /* CFNetwork.framework in Frameworks */ = {isa = PBXBuildFile; fileRef = 398EE2ED1AC21A0200FBA4A4 /* CFNetwork.framework */; };
		398EE2F01AC21A1700FBA4A4 /* CoreGraphics.framework in Frameworks */ = {isa = PBXBuildFile; fileRef = 398EE2EF1AC21A1700FBA4A4 /* CoreGraphics.framework */; };
		398EE2F21AC21A1E00FBA4A4 /* CoreLocation.framework in Frameworks */ = {isa = PBXBuildFile; fileRef = 398EE2F11AC21A1E00FBA4A4 /* CoreLocation.framework */; };
		398EE2F41AC21A2F00FBA4A4 /* libz.dylib in Frameworks */ = {isa = PBXBuildFile; fileRef = 398EE2F31AC21A2F00FBA4A4 /* libz.dylib */; };
		398EE2F61AC21A3A00FBA4A4 /* MobileCoreServices.framework in Frameworks */ = {isa = PBXBuildFile; fileRef = 398EE2F51AC21A3A00FBA4A4 /* MobileCoreServices.framework */; };
		398EE2F81AC21A4200FBA4A4 /* QuartzCore.framework in Frameworks */ = {isa = PBXBuildFile; fileRef = 398EE2F71AC21A4200FBA4A4 /* QuartzCore.framework */; };
		398EE2FA1AC21A4C00FBA4A4 /* Security.framework in Frameworks */ = {isa = PBXBuildFile; fileRef = 398EE2F91AC21A4C00FBA4A4 /* Security.framework */; };
		398EE2FC1AC21A5400FBA4A4 /* StoreKit.framework in Frameworks */ = {isa = PBXBuildFile; fileRef = 398EE2FB1AC21A5400FBA4A4 /* StoreKit.framework */; };
		398EE2FE1AC21A7A00FBA4A4 /* SystemConfiguration.framework in Frameworks */ = {isa = PBXBuildFile; fileRef = 398EE2FD1AC21A7A00FBA4A4 /* SystemConfiguration.framework */; };
		398EE3001AC220C400FBA4A4 /* libsqlite3.dylib in Frameworks */ = {isa = PBXBuildFile; fileRef = 398EE2FF1AC220C400FBA4A4 /* libsqlite3.dylib */; };
/* End PBXBuildFile section */

/* Begin PBXContainerItemProxy section */
		398EE2D11AC2144D00FBA4A4 /* PBXContainerItemProxy */ = {
			isa = PBXContainerItemProxy;
			containerPortal = 398EE2B31AC2144D00FBA4A4 /* Project object */;
			proxyType = 1;
			remoteGlobalIDString = 398EE2BA1AC2144D00FBA4A4;
			remoteInfo = Coogr;
		};
/* End PBXContainerItemProxy section */

/* Begin PBXFileReference section */
		398EE2BB1AC2144D00FBA4A4 /* Coogr.app */ = {isa = PBXFileReference; explicitFileType = wrapper.application; includeInIndex = 0; path = Coogr.app; sourceTree = BUILT_PRODUCTS_DIR; };
		398EE2BF1AC2144D00FBA4A4 /* Info.plist */ = {isa = PBXFileReference; lastKnownFileType = text.plist.xml; path = Info.plist; sourceTree = "<group>"; };
		398EE2C01AC2144D00FBA4A4 /* AppDelegate.swift */ = {isa = PBXFileReference; lastKnownFileType = sourcecode.swift; path = AppDelegate.swift; sourceTree = "<group>"; };
		398EE2C21AC2144D00FBA4A4 /* ViewController.swift */ = {isa = PBXFileReference; lastKnownFileType = sourcecode.swift; path = ViewController.swift; sourceTree = "<group>"; };
		398EE2C51AC2144D00FBA4A4 /* Base */ = {isa = PBXFileReference; lastKnownFileType = file.storyboard; name = Base; path = Base.lproj/Main.storyboard; sourceTree = "<group>"; };
		398EE2C71AC2144D00FBA4A4 /* Images.xcassets */ = {isa = PBXFileReference; lastKnownFileType = folder.assetcatalog; path = Images.xcassets; sourceTree = "<group>"; };
		398EE2CA1AC2144D00FBA4A4 /* Base */ = {isa = PBXFileReference; lastKnownFileType = file.xib; name = Base; path = Base.lproj/LaunchScreen.xib; sourceTree = "<group>"; };
		398EE2D01AC2144D00FBA4A4 /* CoogrTests.xctest */ = {isa = PBXFileReference; explicitFileType = wrapper.cfbundle; includeInIndex = 0; path = CoogrTests.xctest; sourceTree = BUILT_PRODUCTS_DIR; };
		398EE2D51AC2144D00FBA4A4 /* Info.plist */ = {isa = PBXFileReference; lastKnownFileType = text.plist.xml; path = Info.plist; sourceTree = "<group>"; };
		398EE2D61AC2144D00FBA4A4 /* CoogrTests.swift */ = {isa = PBXFileReference; lastKnownFileType = sourcecode.swift; path = CoogrTests.swift; sourceTree = "<group>"; };
		398EE2E01AC216DE00FBA4A4 /* FacebookSDK.framework */ = {isa = PBXFileReference; lastKnownFileType = wrapper.framework; path = FacebookSDK.framework; sourceTree = "<group>"; };
		398EE2E21AC218C800FBA4A4 /* Coogr-Bridging-Header.h */ = {isa = PBXFileReference; lastKnownFileType = sourcecode.c.h; path = "Coogr-Bridging-Header.h"; sourceTree = "<group>"; };
		398EE2E51AC219BA00FBA4A4 /* Bolts.framework */ = {isa = PBXFileReference; lastKnownFileType = wrapper.framework; path = Bolts.framework; sourceTree = "<group>"; };
		398EE2E61AC219BA00FBA4A4 /* Parse.framework */ = {isa = PBXFileReference; lastKnownFileType = wrapper.framework; path = Parse.framework; sourceTree = "<group>"; };
		398EE2E71AC219BA00FBA4A4 /* ParseFacebookUtils.framework */ = {isa = PBXFileReference; lastKnownFileType = wrapper.framework; path = ParseFacebookUtils.framework; sourceTree = "<group>"; };
		398EE2EB1AC219F300FBA4A4 /* AudioToolbox.framework */ = {isa = PBXFileReference; lastKnownFileType = wrapper.framework; name = AudioToolbox.framework; path = System/Library/Frameworks/AudioToolbox.framework; sourceTree = SDKROOT; };
		398EE2ED1AC21A0200FBA4A4 /* CFNetwork.framework */ = {isa = PBXFileReference; lastKnownFileType = wrapper.framework; name = CFNetwork.framework; path = System/Library/Frameworks/CFNetwork.framework; sourceTree = SDKROOT; };
		398EE2EF1AC21A1700FBA4A4 /* CoreGraphics.framework */ = {isa = PBXFileReference; lastKnownFileType = wrapper.framework; name = CoreGraphics.framework; path = System/Library/Frameworks/CoreGraphics.framework; sourceTree = SDKROOT; };
		398EE2F11AC21A1E00FBA4A4 /* CoreLocation.framework */ = {isa = PBXFileReference; lastKnownFileType = wrapper.framework; name = CoreLocation.framework; path = System/Library/Frameworks/CoreLocation.framework; sourceTree = SDKROOT; };
		398EE2F31AC21A2F00FBA4A4 /* libz.dylib */ = {isa = PBXFileReference; lastKnownFileType = "compiled.mach-o.dylib"; name = libz.dylib; path = usr/lib/libz.dylib; sourceTree = SDKROOT; };
		398EE2F51AC21A3A00FBA4A4 /* MobileCoreServices.framework */ = {isa = PBXFileReference; lastKnownFileType = wrapper.framework; name = MobileCoreServices.framework; path = System/Library/Frameworks/MobileCoreServices.framework; sourceTree = SDKROOT; };
		398EE2F71AC21A4200FBA4A4 /* QuartzCore.framework */ = {isa = PBXFileReference; lastKnownFileType = wrapper.framework; name = QuartzCore.framework; path = System/Library/Frameworks/QuartzCore.framework; sourceTree = SDKROOT; };
		398EE2F91AC21A4C00FBA4A4 /* Security.framework */ = {isa = PBXFileReference; lastKnownFileType = wrapper.framework; name = Security.framework; path = System/Library/Frameworks/Security.framework; sourceTree = SDKROOT; };
		398EE2FB1AC21A5400FBA4A4 /* StoreKit.framework */ = {isa = PBXFileReference; lastKnownFileType = wrapper.framework; name = StoreKit.framework; path = System/Library/Frameworks/StoreKit.framework; sourceTree = SDKROOT; };
		398EE2FD1AC21A7A00FBA4A4 /* SystemConfiguration.framework */ = {isa = PBXFileReference; lastKnownFileType = wrapper.framework; name = SystemConfiguration.framework; path = System/Library/Frameworks/SystemConfiguration.framework; sourceTree = SDKROOT; };
		398EE2FF1AC220C400FBA4A4 /* libsqlite3.dylib */ = {isa = PBXFileReference; lastKnownFileType = "compiled.mach-o.dylib"; name = libsqlite3.dylib; path = usr/lib/libsqlite3.dylib; sourceTree = SDKROOT; };
/* End PBXFileReference section */

/* Begin PBXFrameworksBuildPhase section */
		398EE2B81AC2144D00FBA4A4 /* Frameworks */ = {
			isa = PBXFrameworksBuildPhase;
			buildActionMask = 2147483647;
			files = (
				398EE3001AC220C400FBA4A4 /* libsqlite3.dylib in Frameworks */,
				398EE2FE1AC21A7A00FBA4A4 /* SystemConfiguration.framework in Frameworks */,
				398EE2FC1AC21A5400FBA4A4 /* StoreKit.framework in Frameworks */,
				398EE2FA1AC21A4C00FBA4A4 /* Security.framework in Frameworks */,
				398EE2F81AC21A4200FBA4A4 /* QuartzCore.framework in Frameworks */,
				398EE2F61AC21A3A00FBA4A4 /* MobileCoreServices.framework in Frameworks */,
				398EE2F41AC21A2F00FBA4A4 /* libz.dylib in Frameworks */,
				398EE2F21AC21A1E00FBA4A4 /* CoreLocation.framework in Frameworks */,
				398EE2F01AC21A1700FBA4A4 /* CoreGraphics.framework in Frameworks */,
				398EE2EE1AC21A0200FBA4A4 /* CFNetwork.framework in Frameworks */,
				398EE2EC1AC219F300FBA4A4 /* AudioToolbox.framework in Frameworks */,
				398EE2E11AC216DE00FBA4A4 /* FacebookSDK.framework in Frameworks */,
				398EE2E91AC219BA00FBA4A4 /* Parse.framework in Frameworks */,
				398EE2EA1AC219BA00FBA4A4 /* ParseFacebookUtils.framework in Frameworks */,
				398EE2E81AC219BA00FBA4A4 /* Bolts.framework in Frameworks */,
			);
			runOnlyForDeploymentPostprocessing = 0;
		};
		398EE2CD1AC2144D00FBA4A4 /* Frameworks */ = {
			isa = PBXFrameworksBuildPhase;
			buildActionMask = 2147483647;
			files = (
			);
			runOnlyForDeploymentPostprocessing = 0;
		};
/* End PBXFrameworksBuildPhase section */

/* Begin PBXGroup section */
		398EE2B21AC2144D00FBA4A4 = {
			isa = PBXGroup;
			children = (
				398EE2FF1AC220C400FBA4A4 /* libsqlite3.dylib */,
				398EE2FD1AC21A7A00FBA4A4 /* SystemConfiguration.framework */,
				398EE2FB1AC21A5400FBA4A4 /* StoreKit.framework */,
				398EE2F91AC21A4C00FBA4A4 /* Security.framework */,
				398EE2F71AC21A4200FBA4A4 /* QuartzCore.framework */,
				398EE2F51AC21A3A00FBA4A4 /* MobileCoreServices.framework */,
				398EE2F31AC21A2F00FBA4A4 /* libz.dylib */,
				398EE2F11AC21A1E00FBA4A4 /* CoreLocation.framework */,
				398EE2EF1AC21A1700FBA4A4 /* CoreGraphics.framework */,
				398EE2ED1AC21A0200FBA4A4 /* CFNetwork.framework */,
				398EE2EB1AC219F300FBA4A4 /* AudioToolbox.framework */,
				398EE2BD1AC2144D00FBA4A4 /* Coogr */,
				398EE2D31AC2144D00FBA4A4 /* CoogrTests */,
				398EE2BC1AC2144D00FBA4A4 /* Products */,
			);
			sourceTree = "<group>";
		};
		398EE2BC1AC2144D00FBA4A4 /* Products */ = {
			isa = PBXGroup;
			children = (
				398EE2BB1AC2144D00FBA4A4 /* Coogr.app */,
				398EE2D01AC2144D00FBA4A4 /* CoogrTests.xctest */,
			);
			name = Products;
			sourceTree = "<group>";
		};
		398EE2BD1AC2144D00FBA4A4 /* Coogr */ = {
			isa = PBXGroup;
			children = (
				398EE2C01AC2144D00FBA4A4 /* AppDelegate.swift */,
				398EE2C21AC2144D00FBA4A4 /* ViewController.swift */,
				398EE2E51AC219BA00FBA4A4 /* Bolts.framework */,
				398EE2E61AC219BA00FBA4A4 /* Parse.framework */,
				398EE2E71AC219BA00FBA4A4 /* ParseFacebookUtils.framework */,
				398EE2E01AC216DE00FBA4A4 /* FacebookSDK.framework */,
				398EE2C41AC2144D00FBA4A4 /* Main.storyboard */,
				398EE2C71AC2144D00FBA4A4 /* Images.xcassets */,
				398EE2C91AC2144D00FBA4A4 /* LaunchScreen.xib */,
				398EE2BE1AC2144D00FBA4A4 /* Supporting Files */,
				398EE2E21AC218C800FBA4A4 /* Coogr-Bridging-Header.h */,
			);
			path = Coogr;
			sourceTree = "<group>";
		};
		398EE2BE1AC2144D00FBA4A4 /* Supporting Files */ = {
			isa = PBXGroup;
			children = (
				398EE2BF1AC2144D00FBA4A4 /* Info.plist */,
			);
			name = "Supporting Files";
			sourceTree = "<group>";
		};
		398EE2D31AC2144D00FBA4A4 /* CoogrTests */ = {
			isa = PBXGroup;
			children = (
				398EE2D61AC2144D00FBA4A4 /* CoogrTests.swift */,
				398EE2D41AC2144D00FBA4A4 /* Supporting Files */,
			);
			path = CoogrTests;
			sourceTree = "<group>";
		};
		398EE2D41AC2144D00FBA4A4 /* Supporting Files */ = {
			isa = PBXGroup;
			children = (
				398EE2D51AC2144D00FBA4A4 /* Info.plist */,
			);
			name = "Supporting Files";
			sourceTree = "<group>";
		};
/* End PBXGroup section */

/* Begin PBXNativeTarget section */
		398EE2BA1AC2144D00FBA4A4 /* Coogr */ = {
			isa = PBXNativeTarget;
			buildConfigurationList = 398EE2DA1AC2144D00FBA4A4 /* Build configuration list for PBXNativeTarget "Coogr" */;
			buildPhases = (
				398EE2B71AC2144D00FBA4A4 /* Sources */,
				398EE2B81AC2144D00FBA4A4 /* Frameworks */,
				398EE2B91AC2144D00FBA4A4 /* Resources */,
			);
			buildRules = (
			);
			dependencies = (
			);
			name = Coogr;
			productName = Coogr;
			productReference = 398EE2BB1AC2144D00FBA4A4 /* Coogr.app */;
			productType = "com.apple.product-type.application";
		};
		398EE2CF1AC2144D00FBA4A4 /* CoogrTests */ = {
			isa = PBXNativeTarget;
			buildConfigurationList = 398EE2DD1AC2144D00FBA4A4 /* Build configuration list for PBXNativeTarget "CoogrTests" */;
			buildPhases = (
				398EE2CC1AC2144D00FBA4A4 /* Sources */,
				398EE2CD1AC2144D00FBA4A4 /* Frameworks */,
				398EE2CE1AC2144D00FBA4A4 /* Resources */,
			);
			buildRules = (
			);
			dependencies = (
				398EE2D21AC2144D00FBA4A4 /* PBXTargetDependency */,
			);
			name = CoogrTests;
			productName = CoogrTests;
			productReference = 398EE2D01AC2144D00FBA4A4 /* CoogrTests.xctest */;
			productType = "com.apple.product-type.bundle.unit-test";
		};
/* End PBXNativeTarget section */

/* Begin PBXProject section */
		398EE2B31AC2144D00FBA4A4 /* Project object */ = {
			isa = PBXProject;
			attributes = {
				LastUpgradeCheck = 0620;
				ORGANIZATIONNAME = "Apetto, Inc.";
				TargetAttributes = {
					398EE2BA1AC2144D00FBA4A4 = {
						CreatedOnToolsVersion = 6.2;
						DevelopmentTeam = BZQNKKAT2Q;
					};
					398EE2CF1AC2144D00FBA4A4 = {
						CreatedOnToolsVersion = 6.2;
						TestTargetID = 398EE2BA1AC2144D00FBA4A4;
					};
				};
			};
			buildConfigurationList = 398EE2B61AC2144D00FBA4A4 /* Build configuration list for PBXProject "Coogr" */;
			compatibilityVersion = "Xcode 3.2";
			developmentRegion = English;
			hasScannedForEncodings = 0;
			knownRegions = (
				en,
				Base,
			);
			mainGroup = 398EE2B21AC2144D00FBA4A4;
			productRefGroup = 398EE2BC1AC2144D00FBA4A4 /* Products */;
			projectDirPath = "";
			projectRoot = "";
			targets = (
				398EE2BA1AC2144D00FBA4A4 /* Coogr */,
				398EE2CF1AC2144D00FBA4A4 /* CoogrTests */,
			);
		};
/* End PBXProject section */

/* Begin PBXResourcesBuildPhase section */
		398EE2B91AC2144D00FBA4A4 /* Resources */ = {
			isa = PBXResourcesBuildPhase;
			buildActionMask = 2147483647;
			files = (
				398EE2C61AC2144D00FBA4A4 /* Main.storyboard in Resources */,
				398EE2CB1AC2144D00FBA4A4 /* LaunchScreen.xib in Resources */,
				398EE2C81AC2144D00FBA4A4 /* Images.xcassets in Resources */,
			);
			runOnlyForDeploymentPostprocessing = 0;
		};
		398EE2CE1AC2144D00FBA4A4 /* Resources */ = {
			isa = PBXResourcesBuildPhase;
			buildActionMask = 2147483647;
			files = (
			);
			runOnlyForDeploymentPostprocessing = 0;
		};
/* End PBXResourcesBuildPhase section */

/* Begin PBXSourcesBuildPhase section */
		398EE2B71AC2144D00FBA4A4 /* Sources */ = {
			isa = PBXSourcesBuildPhase;
			buildActionMask = 2147483647;
			files = (
				398EE2C31AC2144D00FBA4A4 /* ViewController.swift in Sources */,
				398EE2C11AC2144D00FBA4A4 /* AppDelegate.swift in Sources */,
			);
			runOnlyForDeploymentPostprocessing = 0;
		};
		398EE2CC1AC2144D00FBA4A4 /* Sources */ = {
			isa = PBXSourcesBuildPhase;
			buildActionMask = 2147483647;
			files = (
				398EE2D71AC2144D00FBA4A4 /* CoogrTests.swift in Sources */,
			);
			runOnlyForDeploymentPostprocessing = 0;
		};
/* End PBXSourcesBuildPhase section */

/* Begin PBXTargetDependency section */
		398EE2D21AC2144D00FBA4A4 /* PBXTargetDependency */ = {
			isa = PBXTargetDependency;
			target = 398EE2BA1AC2144D00FBA4A4 /* Coogr */;
			targetProxy = 398EE2D11AC2144D00FBA4A4 /* PBXContainerItemProxy */;
		};
/* End PBXTargetDependency section */

/* Begin PBXVariantGroup section */
		398EE2C41AC2144D00FBA4A4 /* Main.storyboard */ = {
			isa = PBXVariantGroup;
			children = (
				398EE2C51AC2144D00FBA4A4 /* Base */,
			);
			name = Main.storyboard;
			sourceTree = "<group>";
		};
		398EE2C91AC2144D00FBA4A4 /* LaunchScreen.xib */ = {
			isa = PBXVariantGroup;
			children = (
				398EE2CA1AC2144D00FBA4A4 /* Base */,
			);
			name = LaunchScreen.xib;
			sourceTree = "<group>";
		};
/* End PBXVariantGroup section */

/* Begin XCBuildConfiguration section */
		398EE2D81AC2144D00FBA4A4 /* Debug */ = {
			isa = XCBuildConfiguration;
			buildSettings = {
				ALWAYS_SEARCH_USER_PATHS = NO;
				CLANG_CXX_LANGUAGE_STANDARD = "gnu++0x";
				CLANG_CXX_LIBRARY = "libc++";
				CLANG_ENABLE_MODULES = YES;
				CLANG_ENABLE_OBJC_ARC = YES;
				CLANG_WARN_BOOL_CONVERSION = YES;
				CLANG_WARN_CONSTANT_CONVERSION = YES;
				CLANG_WARN_DIRECT_OBJC_ISA_USAGE = YES_ERROR;
				CLANG_WARN_EMPTY_BODY = YES;
				CLANG_WARN_ENUM_CONVERSION = YES;
				CLANG_WARN_INT_CONVERSION = YES;
				CLANG_WARN_OBJC_ROOT_CLASS = YES_ERROR;
				CLANG_WARN_UNREACHABLE_CODE = YES;
				CLANG_WARN__DUPLICATE_METHOD_MATCH = YES;
				"CODE_SIGN_IDENTITY[sdk=iphoneos*]" = "iPhone Developer";
				COPY_PHASE_STRIP = NO;
				ENABLE_STRICT_OBJC_MSGSEND = YES;
				GCC_C_LANGUAGE_STANDARD = gnu99;
				GCC_DYNAMIC_NO_PIC = NO;
				GCC_OPTIMIZATION_LEVEL = 0;
				GCC_PREPROCESSOR_DEFINITIONS = (
					"DEBUG=1",
					"$(inherited)",
				);
				GCC_SYMBOLS_PRIVATE_EXTERN = NO;
				GCC_WARN_64_TO_32_BIT_CONVERSION = YES;
				GCC_WARN_ABOUT_RETURN_TYPE = YES_ERROR;
				GCC_WARN_UNDECLARED_SELECTOR = YES;
				GCC_WARN_UNINITIALIZED_AUTOS = YES_AGGRESSIVE;
				GCC_WARN_UNUSED_FUNCTION = YES;
				GCC_WARN_UNUSED_VARIABLE = YES;
				IPHONEOS_DEPLOYMENT_TARGET = 8.2;
				MTL_ENABLE_DEBUG_INFO = YES;
				ONLY_ACTIVE_ARCH = YES;
				SDKROOT = iphoneos;
				SWIFT_OPTIMIZATION_LEVEL = "-Onone";
			};
			name = Debug;
		};
		398EE2D91AC2144D00FBA4A4 /* Release */ = {
			isa = XCBuildConfiguration;
			buildSettings = {
				ALWAYS_SEARCH_USER_PATHS = NO;
				CLANG_CXX_LANGUAGE_STANDARD = "gnu++0x";
				CLANG_CXX_LIBRARY = "libc++";
				CLANG_ENABLE_MODULES = YES;
				CLANG_ENABLE_OBJC_ARC = YES;
				CLANG_WARN_BOOL_CONVERSION = YES;
				CLANG_WARN_CONSTANT_CONVERSION = YES;
				CLANG_WARN_DIRECT_OBJC_ISA_USAGE = YES_ERROR;
				CLANG_WARN_EMPTY_BODY = YES;
				CLANG_WARN_ENUM_CONVERSION = YES;
				CLANG_WARN_INT_CONVERSION = YES;
				CLANG_WARN_OBJC_ROOT_CLASS = YES_ERROR;
				CLANG_WARN_UNREACHABLE_CODE = YES;
				CLANG_WARN__DUPLICATE_METHOD_MATCH = YES;
				"CODE_SIGN_IDENTITY[sdk=iphoneos*]" = "iPhone Developer";
				COPY_PHASE_STRIP = NO;
				ENABLE_NS_ASSERTIONS = NO;
				ENABLE_STRICT_OBJC_MSGSEND = YES;
				GCC_C_LANGUAGE_STANDARD = gnu99;
				GCC_WARN_64_TO_32_BIT_CONVERSION = YES;
				GCC_WARN_ABOUT_RETURN_TYPE = YES_ERROR;
				GCC_WARN_UNDECLARED_SELECTOR = YES;
				GCC_WARN_UNINITIALIZED_AUTOS = YES_AGGRESSIVE;
				GCC_WARN_UNUSED_FUNCTION = YES;
				GCC_WARN_UNUSED_VARIABLE = YES;
				IPHONEOS_DEPLOYMENT_TARGET = 8.2;
				MTL_ENABLE_DEBUG_INFO = NO;
				SDKROOT = iphoneos;
				VALIDATE_PRODUCT = YES;
			};
			name = Release;
		};
		398EE2DB1AC2144D00FBA4A4 /* Debug */ = {
			isa = XCBuildConfiguration;
			buildSettings = {
				ASSETCATALOG_COMPILER_APPICON_NAME = AppIcon;
				CLANG_ENABLE_MODULES = YES;
				CODE_SIGN_IDENTITY = "Apple Development IOS Push Services: com.apetto.coogr";
				"CODE_SIGN_IDENTITY[sdk=iphoneos*]" = "iPhone Developer";
				FRAMEWORK_SEARCH_PATHS = (
					"$(inherited)",
					"$(PROJECT_DIR)/Coogr",
				);
				INFOPLIST_FILE = Coogr/Info.plist;
				LD_RUNPATH_SEARCH_PATHS = "$(inherited) @executable_path/Frameworks";
				PRODUCT_NAME = "$(TARGET_NAME)";
				PROVISIONING_PROFILE = "";
				SWIFT_OBJC_BRIDGING_HEADER = "Coogr/Coogr-Bridging-Header.h";
				SWIFT_OPTIMIZATION_LEVEL = "-Onone";
			};
			name = Debug;
		};
		398EE2DC1AC2144D00FBA4A4 /* Release */ = {
			isa = XCBuildConfiguration;
			buildSettings = {
				ASSETCATALOG_COMPILER_APPICON_NAME = AppIcon;
				CLANG_ENABLE_MODULES = YES;
				CODE_SIGN_IDENTITY = "Apple Development IOS Push Services: com.apetto.coogr";
				"CODE_SIGN_IDENTITY[sdk=iphoneos*]" = "iPhone Developer";
				FRAMEWORK_SEARCH_PATHS = (
					"$(inherited)",
					"$(PROJECT_DIR)/Coogr",
				);
				INFOPLIST_FILE = Coogr/Info.plist;
				LD_RUNPATH_SEARCH_PATHS = "$(inherited) @executable_path/Frameworks";
				PRODUCT_NAME = "$(TARGET_NAME)";
				PROVISIONING_PROFILE = "";
				SWIFT_OBJC_BRIDGING_HEADER = "Coogr/Coogr-Bridging-Header.h";
			};
			name = Release;
		};
		398EE2DE1AC2144D00FBA4A4 /* Debug */ = {
			isa = XCBuildConfiguration;
			buildSettings = {
				BUNDLE_LOADER = "$(TEST_HOST)";
				FRAMEWORK_SEARCH_PATHS = (
					"$(SDKROOT)/Developer/Library/Frameworks",
					"$(inherited)",
				);
				GCC_PREPROCESSOR_DEFINITIONS = (
					"DEBUG=1",
					"$(inherited)",
				);
				INFOPLIST_FILE = CoogrTests/Info.plist;
				LD_RUNPATH_SEARCH_PATHS = "$(inherited) @executable_path/Frameworks @loader_path/Frameworks";
				PRODUCT_NAME = "$(TARGET_NAME)";
				TEST_HOST = "$(BUILT_PRODUCTS_DIR)/Coogr.app/Coogr";
			};
			name = Debug;
		};
		398EE2DF1AC2144D00FBA4A4 /* Release */ = {
			isa = XCBuildConfiguration;
			buildSettings = {
				BUNDLE_LOADER = "$(TEST_HOST)";
				FRAMEWORK_SEARCH_PATHS = (
					"$(SDKROOT)/Developer/Library/Frameworks",
					"$(inherited)",
				);
				INFOPLIST_FILE = CoogrTests/Info.plist;
				LD_RUNPATH_SEARCH_PATHS = "$(inherited) @executable_path/Frameworks @loader_path/Frameworks";
				PRODUCT_NAME = "$(TARGET_NAME)";
				TEST_HOST = "$(BUILT_PRODUCTS_DIR)/Coogr.app/Coogr";
			};
			name = Release;
		};
/* End XCBuildConfiguration section */

/* Begin XCConfigurationList section */
		398EE2B61AC2144D00FBA4A4 /* Build configuration list for PBXProject "Coogr" */ = {
			isa = XCConfigurationList;
			buildConfigurations = (
				398EE2D81AC2144D00FBA4A4 /* Debug */,
				398EE2D91AC2144D00FBA4A4 /* Release */,
			);
			defaultConfigurationIsVisible = 0;
			defaultConfigurationName = Release;
		};
		398EE2DA1AC2144D00FBA4A4 /* Build configuration list for PBXNativeTarget "Coogr" */ = {
			isa = XCConfigurationList;
			buildConfigurations = (
				398EE2DB1AC2144D00FBA4A4 /* Debug */,
				398EE2DC1AC2144D00FBA4A4 /* Release */,
			);
			defaultConfigurationIsVisible = 0;
		};
		398EE2DD1AC2144D00FBA4A4 /* Build configuration list for PBXNativeTarget "CoogrTests" */ = {
			isa = XCConfigurationList;
			buildConfigurations = (
				398EE2DE1AC2144D00FBA4A4 /* Debug */,
				398EE2DF1AC2144D00FBA4A4 /* Release */,
			);
			defaultConfigurationIsVisible = 0;
		};
/* End XCConfigurationList section */
	};
	rootObject = 398EE2B31AC2144D00FBA4A4 /* Project object */;
}
